{
  "originHash" : "5e9acb86bbefa1dc542af9e5819263006487b8b8eba310d4219385cb063a9ea5",
  "pins" : [
    {
      "identity" : "allure-swift",
      "kind" : "remoteSourceControl",
      "location" : "https://github.com/BorisLys/allure-swift.git",
      "state" : {
        "branch" : "main",
        "revision" : "8f8276063c02a05955c86d6ed72cda7cde409d1b"
      }
    },
    {
      "identity" : "showtime",
      "kind" : "remoteSourceControl",
      "location" : "https://github.com/KaneCheshire/ShowTime.git",
      "state" : {
        "revision" : "f4e976931fc5f9b7a7d011f40c62a250c4ff53ab",
        "version" : "2.5.3"
      }
    }
  ],
  "version" : 3
}
